// !$*UTF8*$!
{
	archiveVersion = 1;
	classes = {
	};
	objectVersion = 50;
	objects = {

/* Begin PBXBuildFile section */
		A12B2411224C3BFF004E2EED /* item.swift in Sources */ = {isa = PBXBuildFile; fileRef = A12B2410224C3BFF004E2EED /* item.swift */; };
		A19EDF63224AC4C700FB173E /* AppDelegate.swift in Sources */ = {isa = PBXBuildFile; fileRef = A19EDF62224AC4C700FB173E /* AppDelegate.swift */; };
		A19EDF65224AC4C700FB173E /* TodoListViewController.swift in Sources */ = {isa = PBXBuildFile; fileRef = A19EDF64224AC4C700FB173E /* TodoListViewController.swift */; };
		A19EDF68224AC4C700FB173E /* Main.storyboard in Resources */ = {isa = PBXBuildFile; fileRef = A19EDF66224AC4C700FB173E /* Main.storyboard */; };
		A19EDF6A224AC4C800FB173E /* Assets.xcassets in Resources */ = {isa = PBXBuildFile; fileRef = A19EDF69224AC4C800FB173E /* Assets.xcassets */; };
		A19EDF6D224AC4C800FB173E /* LaunchScreen.storyboard in Resources */ = {isa = PBXBuildFile; fileRef = A19EDF6B224AC4C800FB173E /* LaunchScreen.storyboard */; };
/* End PBXBuildFile section */

/* Begin PBXFileReference section */
		A12B2410224C3BFF004E2EED /* item.swift */ = {isa = PBXFileReference; lastKnownFileType = sourcecode.swift; path = item.swift; sourceTree = "<group>"; };
		A19EDF5F224AC4C700FB173E /* My_TodoList.app */ = {isa = PBXFileReference; explicitFileType = wrapper.application; includeInIndex = 0; path = My_TodoList.app; sourceTree = BUILT_PRODUCTS_DIR; };
		A19EDF62224AC4C700FB173E /* AppDelegate.swift */ = {isa = PBXFileReference; lastKnownFileType = sourcecode.swift; path = AppDelegate.swift; sourceTree = "<group>"; };
		A19EDF64224AC4C700FB173E /* TodoListViewController.swift */ = {isa = PBXFileReference; lastKnownFileType = sourcecode.swift; path = TodoListViewController.swift; sourceTree = "<group>"; };
		A19EDF67224AC4C700FB173E /* Base */ = {isa = PBXFileReference; lastKnownFileType = file.storyboard; name = Base; path = Base.lproj/Main.storyboard; sourceTree = "<group>"; };
		A19EDF69224AC4C800FB173E /* Assets.xcassets */ = {isa = PBXFileReference; lastKnownFileType = folder.assetcatalog; path = Assets.xcassets; sourceTree = "<group>"; };
		A19EDF6C224AC4C800FB173E /* Base */ = {isa = PBXFileReference; lastKnownFileType = file.storyboard; name = Base; path = Base.lproj/LaunchScreen.storyboard; sourceTree = "<group>"; };
		A19EDF6E224AC4C800FB173E /* Info.plist */ = {isa = PBXFileReference; lastKnownFileType = text.plist.xml; path = Info.plist; sourceTree = "<group>"; };
/* End PBXFileReference section */

/* Begin PBXFrameworksBuildPhase section */
		A19EDF5C224AC4C700FB173E /* Frameworks */ = {
			isa = PBXFrameworksBuildPhase;
			buildActionMask = 2147483647;
			files = (
			);
			runOnlyForDeploymentPostprocessing = 0;
		};
/* End PBXFrameworksBuildPhase section */

/* Begin PBXGroup section */
		A12B2412224C3C11004E2EED /* Data Model */ = {
			isa = PBXGroup;
			children = (
				A12B2410224C3BFF004E2EED /* item.swift */,
			);
			path = "Data Model";
			sourceTree = "<group>";
		};
		A12B2414224C3C4E004E2EED /* Controllers */ = {
			isa = PBXGroup;
			children = (
				A19EDF64224AC4C700FB173E /* TodoListViewController.swift */,
			);
			path = Controllers;
			sourceTree = "<group>";
		};
		A12B2415224C3C62004E2EED /* Views */ = {
			isa = PBXGroup;
			children = (
				A19EDF66224AC4C700FB173E /* Main.storyboard */,
			);
			path = Views;
			sourceTree = "<group>";
		};
		A12B2416224C3C8A004E2EED /* Supporting Files */ = {
			isa = PBXGroup;
			children = (
				A19EDF69224AC4C800FB173E /* Assets.xcassets */,
				A19EDF6B224AC4C800FB173E /* LaunchScreen.storyboard */,
			);
			path = "Supporting Files";
			sourceTree = "<group>";
		};
		A19EDF56224AC4C700FB173E = {
			isa = PBXGroup;
			children = (
				A19EDF61224AC4C700FB173E /* My_TodoList */,
				A19EDF60224AC4C700FB173E /* Products */,
			);
			sourceTree = "<group>";
		};
		A19EDF60224AC4C700FB173E /* Products */ = {
			isa = PBXGroup;
			children = (
				A19EDF5F224AC4C700FB173E /* My_TodoList.app */,
			);
			name = Products;
			sourceTree = "<group>";
		};
		A19EDF61224AC4C700FB173E /* My_TodoList */ = {
			isa = PBXGroup;
			children = (
				A19EDF62224AC4C700FB173E /* AppDelegate.swift */,
				A12B2412224C3C11004E2EED /* Data Model */,
				A12B2414224C3C4E004E2EED /* Controllers */,
				A12B2415224C3C62004E2EED /* Views */,
				A12B2416224C3C8A004E2EED /* Supporting Files */,
				A19EDF6E224AC4C800FB173E /* Info.plist */,
			);
			path = My_TodoList;
			sourceTree = "<group>";
		};
/* End PBXGroup section */

/* Begin PBXNativeTarget section */
		A19EDF5E224AC4C700FB173E /* My_TodoList */ = {
			isa = PBXNativeTarget;
			buildConfigurationList = A19EDF71224AC4C800FB173E /* Build configuration list for PBXNativeTarget "My_TodoList" */;
			buildPhases = (
				A19EDF5B224AC4C700FB173E /* Sources */,
				A19EDF5C224AC4C700FB173E /* Frameworks */,
				A19EDF5D224AC4C700FB173E /* Resources */,
			);
			buildRules = (
			);
			dependencies = (
			);
			name = My_TodoList;
			productName = My_TodoList;
			productReference = A19EDF5F224AC4C700FB173E /* My_TodoList.app */;
			productType = "com.apple.product-type.application";
		};
/* End PBXNativeTarget section */

/* Begin PBXProject section */
		A19EDF57224AC4C700FB173E /* Project object */ = {
			isa = PBXProject;
			attributes = {
				LastSwiftUpdateCheck = 1010;
				LastUpgradeCheck = 1010;
				ORGANIZATIONNAME = "Cuong Tran";
				TargetAttributes = {
					A19EDF5E224AC4C700FB173E = {
						CreatedOnToolsVersion = 10.1;
					};
				};
			};
			buildConfigurationList = A19EDF5A224AC4C700FB173E /* Build configuration list for PBXProject "My_TodoList" */;
			compatibilityVersion = "Xcode 9.3";
			developmentRegion = en;
			hasScannedForEncodings = 0;
			knownRegions = (
				en,
				Base,
			);
			mainGroup = A19EDF56224AC4C700FB173E;
			productRefGroup = A19EDF60224AC4C700FB173E /* Products */;
			projectDirPath = "";
			projectRoot = "";
			targets = (
				A19EDF5E224AC4C700FB173E /* My_TodoList */,
			);
		};
/* End PBXProject section */

/* Begin PBXResourcesBuildPhase section */
		A19EDF5D224AC4C700FB173E /* Resources */ = {
			isa = PBXResourcesBuildPhase;
			buildActionMask = 2147483647;
			files = (
				A19EDF6D224AC4C800FB173E /* LaunchScreen.storyboard in Resources */,
				A19EDF6A224AC4C800FB173E /* Assets.xcassets in Resources */,
				A19EDF68224AC4C700FB173E /* Main.storyboard in Resources */,
			);
			runOnlyForDeploymentPostprocessing = 0;
		};
/* End PBXResourcesBuildPhase section */

/* Begin PBXSourcesBuildPhase section */
		A19EDF5B224AC4C700FB173E /* Sources */ = {
			isa = PBXSourcesBuildPhase;
			buildActionMask = 2147483647;
			files = (
				A19EDF65224AC4C700FB173E /* TodoListViewController.swift in Sources */,
				A12B2411224C3BFF004E2EED /* item.swift in Sources */,
				A19EDF63224AC4C700FB173E /* AppDelegate.swift in Sources */,
			);
			runOnlyForDeploymentPostprocessing = 0;
		};
/* End PBXSourcesBuildPhase section */

/* Begin PBXVariantGroup section */
		A19EDF66224AC4C700FB173E /* Main.storyboard */ = {
			isa = PBXVariantGroup;
			children = (
				A19EDF67224AC4C700FB173E /* Base */,
			);
			name = Main.storyboard;
			sourceTree = "<group>";
		};
		A19EDF6B224AC4C800FB173E /* LaunchScreen.storyboard */ = {
			isa = PBXVariantGroup;
			children = (
				A19EDF6C224AC4C800FB173E /* Base */,
			);
			name = LaunchScreen.storyboard;
			sourceTree = "<group>";
		};
/* End PBXVariantGroup section */

/* Begin XCBuildConfiguration section */
		A19EDF6F224AC4C800FB173E /* Debug */ = {
			isa = XCBuildConfiguration;
			buildSettings = {
				ALWAYS_SEARCH_USER_PATHS = NO;
				CLANG_ANALYZER_NONNULL = YES;
				CLANG_ANALYZER_NUMBER_OBJECT_CONVERSION = YES_AGGRESSIVE;
				CLANG_CXX_LANGUAGE_STANDARD = "gnu++14";
				CLANG_CXX_LIBRARY = "libc++";
				CLANG_ENABLE_MODULES = YES;
				CLANG_ENABLE_OBJC_ARC = YES;
				CLANG_ENABLE_OBJC_WEAK = YES;
				CLANG_WARN_BLOCK_CAPTURE_AUTORELEASING = YES;
				CLANG_WARN_BOOL_CONVERSION = YES;
				CLANG_WARN_COMMA = YES;
				CLANG_WARN_CONSTANT_CONVERSION = YES;
				CLANG_WARN_DEPRECATED_OBJC_IMPLEMENTATIONS = YES;
				CLANG_WARN_DIRECT_OBJC_ISA_USAGE = YES_ERROR;
				CLANG_WARN_DOCUMENTATION_COMMENTS = YES;
				CLANG_WARN_EMPTY_BODY = YES;
				CLANG_WARN_ENUM_CONVERSION = YES;
				CLANG_WARN_INFINITE_RECURSION = YES;
				CLANG_WARN_INT_CONVERSION = YES;
				CLANG_WARN_NON_LITERAL_NULL_CONVERSION = YES;
				CLANG_WARN_OBJC_IMPLICIT_RETAIN_SELF = YES;
				CLANG_WARN_OBJC_LITERAL_CONVERSION = YES;
				CLANG_WARN_OBJC_ROOT_CLASS = YES_ERROR;
				CLANG_WARN_RANGE_LOOP_ANALYSIS = YES;
				CLANG_WARN_STRICT_PROTOTYPES = YES;
				CLANG_WARN_SUSPICIOUS_MOVE = YES;
				CLANG_WARN_UNGUARDED_AVAILABILITY = YES_AGGRESSIVE;
				CLANG_WARN_UNREACHABLE_CODE = YES;
				CLANG_WARN__DUPLICATE_METHOD_MATCH = YES;
				CODE_SIGN_IDENTITY = "iPhone Developer";
				COPY_PHASE_STRIP = NO;
				DEBUG_INFORMATION_FORMAT = dwarf;
				ENABLE_STRICT_OBJC_MSGSEND = YES;
				ENABLE_TESTABILITY = YES;
				GCC_C_LANGUAGE_STANDARD = gnu11;
				GCC_DYNAMIC_NO_PIC = NO;
				GCC_NO_COMMON_BLOCKS = YES;
				GCC_OPTIMIZATION_LEVEL = 0;
				GCC_PREPROCESSOR_DEFINITIONS = (
					"DEBUG=1",
					"$(inherited)",
				);
				GCC_WARN_64_TO_32_BIT_CONVERSION = YES;
				GCC_WARN_ABOUT_RETURN_TYPE = YES_ERROR;
				GCC_WARN_UNDECLARED_SELECTOR = YES;
				GCC_WARN_UNINITIALIZED_AUTOS = YES_AGGRESSIVE;
				GCC_WARN_UNUSED_FUNCTION = YES;
				GCC_WARN_UNUSED_VARIABLE = YES;
				IPHONEOS_DEPLOYMENT_TARGET = 12.1;
				MTL_ENABLE_DEBUG_INFO = INCLUDE_SOURCE;
				MTL_FAST_MATH = YES;
				ONLY_ACTIVE_ARCH = YES;
				SDKROOT = iphoneos;
				SWIFT_ACTIVE_COMPILATION_CONDITIONS = DEBUG;
				SWIFT_OPTIMIZATION_LEVEL = "-Onone";
			};
			name = Debug;
		};
		A19EDF70224AC4C800FB173E /* Release */ = {
			isa = XCBuildConfiguration;
			buildSettings = {
				ALWAYS_SEARCH_USER_PATHS = NO;
				CLANG_ANALYZER_NONNULL = YES;
				CLANG_ANALYZER_NUMBER_OBJECT_CONVERSION = YES_AGGRESSIVE;
				CLANG_CXX_LANGUAGE_STANDARD = "gnu++14";
				CLANG_CXX_LIBRARY = "libc++";
				CLANG_ENABLE_MODULES = YES;
				CLANG_ENABLE_OBJC_ARC = YES;
				CLANG_ENABLE_OBJC_WEAK = YES;
				CLANG_WARN_BLOCK_CAPTURE_AUTORELEASING = YES;
				CLANG_WARN_BOOL_CONVERSION = YES;
				CLANG_WARN_COMMA = YES;
				CLANG_WARN_CONSTANT_CONVERSION = YES;
				CLANG_WARN_DEPRECATED_OBJC_IMPLEMENTATIONS = YES;
				CLANG_WARN_DIRECT_OBJC_ISA_USAGE = YES_ERROR;
				CLANG_WARN_DOCUMENTATION_COMMENTS = YES;
				CLANG_WARN_EMPTY_BODY = YES;
				CLANG_WARN_ENUM_CONVERSION = YES;
				CLANG_WARN_INFINITE_RECURSION = YES;
				CLANG_WARN_INT_CONVERSION = YES;
				CLANG_WARN_NON_LITERAL_NULL_CONVERSION = YES;
				CLANG_WARN_OBJC_IMPLICIT_RETAIN_SELF = YES;
				CLANG_WARN_OBJC_LITERAL_CONVERSION = YES;
				CLANG_WARN_OBJC_ROOT_CLASS = YES_ERROR;
				CLANG_WARN_RANGE_LOOP_ANALYSIS = YES;
				CLANG_WARN_STRICT_PROTOTYPES = YES;
				CLANG_WARN_SUSPICIOUS_MOVE = YES;
				CLANG_WARN_UNGUARDED_AVAILABILITY = YES_AGGRESSIVE;
				CLANG_WARN_UNREACHABLE_CODE = YES;
				CLANG_WARN__DUPLICATE_METHOD_MATCH = YES;
				CODE_SIGN_IDENTITY = "iPhone Developer";
				COPY_PHASE_STRIP = NO;
				DEBUG_INFORMATION_FORMAT = "dwarf-with-dsym";
				ENABLE_NS_ASSERTIONS = NO;
				ENABLE_STRICT_OBJC_MSGSEND = YES;
				GCC_C_LANGUAGE_STANDARD = gnu11;
				GCC_NO_COMMON_BLOCKS = YES;
				GCC_WARN_64_TO_32_BIT_CONVERSION = YES;
				GCC_WARN_ABOUT_RETURN_TYPE = YES_ERROR;
				GCC_WARN_UNDECLARED_SELECTOR = YES;
				GCC_WARN_UNINITIALIZED_AUTOS = YES_AGGRESSIVE;
				GCC_WARN_UNUSED_FUNCTION = YES;
				GCC_WARN_UNUSED_VARIABLE = YES;
				IPHONEOS_DEPLOYMENT_TARGET = 12.1;
				MTL_ENABLE_DEBUG_INFO = NO;
				MTL_FAST_MATH = YES;
				SDKROOT = iphoneos;
				SWIFT_COMPILATION_MODE = wholemodule;
				SWIFT_OPTIMIZATION_LEVEL = "-O";
				VALIDATE_PRODUCT = YES;
			};
			name = Release;
		};
		A19EDF72224AC4C800FB173E /* Debug */ = {
			isa = XCBuildConfiguration;
			buildSettings = {
				ASSETCATALOG_COMPILER_APPICON_NAME = AppIcon;
				CODE_SIGN_STYLE = Automatic;
				DEVELOPMENT_TEAM = U87DUMU89D;
				INFOPLIST_FILE = My_TodoList/Info.plist;
				LD_RUNPATH_SEARCH_PATHS = (
					"$(inherited)",
					"@executable_path/Frameworks",
				);
				PRODUCT_BUNDLE_IDENTIFIER = "com.jackwanacode.My-TodoList";
				PRODUCT_NAME = "$(TARGET_NAME)";
				SWIFT_VERSION = 4.2;
				TARGETED_DEVICE_FAMILY = "1,2";
			};
			name = Debug;
		};
		A19EDF73224AC4C800FB173E /* Release */ = {
			isa = XCBuildConfiguration;
			buildSettings = {
				ASSETCATALOG_COMPILER_APPICON_NAME = AppIcon;
				CODE_SIGN_STYLE = Automatic;
				DEVELOPMENT_TEAM = U87DUMU89D;
				INFOPLIST_FILE = My_TodoList/Info.plist;
				LD_RUNPATH_SEARCH_PATHS = (
					"$(inherited)",
					"@executable_path/Frameworks",
				);
				PRODUCT_BUNDLE_IDENTIFIER = "com.jackwanacode.My-TodoList";
				PRODUCT_NAME = "$(TARGET_NAME)";
				SWIFT_VERSION = 4.2;
				TARGETED_DEVICE_FAMILY = "1,2";
			};
			name = Release;
		};
/* End XCBuildConfiguration section */

/* Begin XCConfigurationList section */
		A19EDF5A224AC4C700FB173E /* Build configuration list for PBXProject "My_TodoList" */ = {
			isa = XCConfigurationList;
			buildConfigurations = (
				A19EDF6F224AC4C800FB173E /* Debug */,
				A19EDF70224AC4C800FB173E /* Release */,
			);
			defaultConfigurationIsVisible = 0;
			defaultConfigurationName = Release;
		};
		A19EDF71224AC4C800FB173E /* Build configuration list for PBXNativeTarget "My_TodoList" */ = {
			isa = XCConfigurationList;
			buildConfigurations = (
				A19EDF72224AC4C800FB173E /* Debug */,
				A19EDF73224AC4C800FB173E /* Release */,
			);
			defaultConfigurationIsVisible = 0;
			defaultConfigurationName = Release;
		};
/* End XCConfigurationList section */
	};
	rootObject = A19EDF57224AC4C700FB173E /* Project object */;
}
